
Microsoft Visual Studio Solution File, Format Version 12.00
# Visual Studio 2012
Project("{FAE04EC0-301F-11D3-BF4B-00C04F79EFBC}") = "WP8GameTest", "WP8GameTest\WP8GameTest.csproj", "{0D8528DB-7260-4C9F-985A-801CEC0B892D}"
EndProject
Project("{FAE04EC0-301F-11D3-BF4B-00C04F79EFBC}") = "CS.KTS", "CS.KTS\CS.KTS.csproj", "{4D65CADA-F49C-4C13-AD38-440CD4E5350F}"
EndProject
Global
	GlobalSection(SolutionConfigurationPlatforms) = preSolution
		Android|Any CPU = Android|Any CPU
		Android|ARM = Android|ARM
		Android|Mixed Platforms = Android|Mixed Platforms
		Android|x86 = Android|x86
		Debug|Any CPU = Debug|Any CPU
		Debug|ARM = Debug|ARM
		Debug|Mixed Platforms = Debug|Mixed Platforms
		Debug|x86 = Debug|x86
		iOS|Any CPU = iOS|Any CPU
		iOS|ARM = iOS|ARM
		iOS|Mixed Platforms = iOS|Mixed Platforms
		iOS|x86 = iOS|x86
		Linux|Any CPU = Linux|Any CPU
		Linux|ARM = Linux|ARM
		Linux|Mixed Platforms = Linux|Mixed Platforms
		Linux|x86 = Linux|x86
		OSX|Any CPU = OSX|Any CPU
		OSX|ARM = OSX|ARM
		OSX|Mixed Platforms = OSX|Mixed Platforms
		OSX|x86 = OSX|x86
		PSM|Any CPU = PSM|Any CPU
		PSM|ARM = PSM|ARM
		PSM|Mixed Platforms = PSM|Mixed Platforms
		PSM|x86 = PSM|x86
		Release|Any CPU = Release|Any CPU
		Release|ARM = Release|ARM
		Release|Mixed Platforms = Release|Mixed Platforms
		Release|x86 = Release|x86
		Windows|Any CPU = Windows|Any CPU
		Windows|ARM = Windows|ARM
		Windows|Mixed Platforms = Windows|Mixed Platforms
		Windows|x86 = Windows|x86
		Windows8|Any CPU = Windows8|Any CPU
		Windows8|ARM = Windows8|ARM
		Windows8|Mixed Platforms = Windows8|Mixed Platforms
		Windows8|x86 = Windows8|x86
	EndGlobalSection
	GlobalSection(ProjectConfigurationPlatforms) = postSolution
		{0D8528DB-7260-4C9F-985A-801CEC0B892D}.Android|Any CPU.ActiveCfg = Release|x86
		{0D8528DB-7260-4C9F-985A-801CEC0B892D}.Android|ARM.ActiveCfg = Release|ARM
		{0D8528DB-7260-4C9F-985A-801CEC0B892D}.Android|ARM.Build.0 = Release|ARM
		{0D8528DB-7260-4C9F-985A-801CEC0B892D}.Android|ARM.Deploy.0 = Release|ARM
		{0D8528DB-7260-4C9F-985A-801CEC0B892D}.Android|Mixed Platforms.ActiveCfg = Release|x86
		{0D8528DB-7260-4C9F-985A-801CEC0B892D}.Android|Mixed Platforms.Build.0 = Release|x86
		{0D8528DB-7260-4C9F-985A-801CEC0B892D}.Android|Mixed Platforms.Deploy.0 = Release|x86
		{0D8528DB-7260-4C9F-985A-801CEC0B892D}.Android|x86.ActiveCfg = Release|x86
		{0D8528DB-7260-4C9F-985A-801CEC0B892D}.Android|x86.Build.0 = Release|x86
		{0D8528DB-7260-4C9F-985A-801CEC0B892D}.Android|x86.Deploy.0 = Release|x86
		{0D8528DB-7260-4C9F-985A-801CEC0B892D}.Debug|Any CPU.ActiveCfg = Debug|x86
		{0D8528DB-7260-4C9F-985A-801CEC0B892D}.Debug|ARM.ActiveCfg = Debug|ARM
		{0D8528DB-7260-4C9F-985A-801CEC0B892D}.Debug|ARM.Build.0 = Debug|ARM
		{0D8528DB-7260-4C9F-985A-801CEC0B892D}.Debug|ARM.Deploy.0 = Debug|ARM
		{0D8528DB-7260-4C9F-985A-801CEC0B892D}.Debug|Mixed Platforms.ActiveCfg = Debug|x86
		{0D8528DB-7260-4C9F-985A-801CEC0B892D}.Debug|Mixed Platforms.Build.0 = Debug|x86
		{0D8528DB-7260-4C9F-985A-801CEC0B892D}.Debug|Mixed Platforms.Deploy.0 = Debug|x86
		{0D8528DB-7260-4C9F-985A-801CEC0B892D}.Debug|x86.ActiveCfg = Debug|x86
		{0D8528DB-7260-4C9F-985A-801CEC0B892D}.Debug|x86.Build.0 = Debug|x86
		{0D8528DB-7260-4C9F-985A-801CEC0B892D}.Debug|x86.Deploy.0 = Debug|x86
		{0D8528DB-7260-4C9F-985A-801CEC0B892D}.iOS|Any CPU.ActiveCfg = Release|x86
		{0D8528DB-7260-4C9F-985A-801CEC0B892D}.iOS|ARM.ActiveCfg = Release|ARM
		{0D8528DB-7260-4C9F-985A-801CEC0B892D}.iOS|ARM.Build.0 = Release|ARM
		{0D8528DB-7260-4C9F-985A-801CEC0B892D}.iOS|ARM.Deploy.0 = Release|ARM
		{0D8528DB-7260-4C9F-985A-801CEC0B892D}.iOS|Mixed Platforms.ActiveCfg = Release|x86
		{0D8528DB-7260-4C9F-985A-801CEC0B892D}.iOS|Mixed Platforms.Build.0 = Release|x86
		{0D8528DB-7260-4C9F-985A-801CEC0B892D}.iOS|Mixed Platforms.Deploy.0 = Release|x86
		{0D8528DB-7260-4C9F-985A-801CEC0B892D}.iOS|x86.ActiveCfg = Release|x86
		{0D8528DB-7260-4C9F-985A-801CEC0B892D}.iOS|x86.Build.0 = Release|x86
		{0D8528DB-7260-4C9F-985A-801CEC0B892D}.iOS|x86.Deploy.0 = Release|x86
		{0D8528DB-7260-4C9F-985A-801CEC0B892D}.Linux|Any CPU.ActiveCfg = Release|x86
		{0D8528DB-7260-4C9F-985A-801CEC0B892D}.Linux|ARM.ActiveCfg = Release|ARM
		{0D8528DB-7260-4C9F-985A-801CEC0B892D}.Linux|ARM.Build.0 = Release|ARM
		{0D8528DB-7260-4C9F-985A-801CEC0B892D}.Linux|ARM.Deploy.0 = Release|ARM
		{0D8528DB-7260-4C9F-985A-801CEC0B892D}.Linux|Mixed Platforms.ActiveCfg = Release|x86
		{0D8528DB-7260-4C9F-985A-801CEC0B892D}.Linux|Mixed Platforms.Build.0 = Release|x86
		{0D8528DB-7260-4C9F-985A-801CEC0B892D}.Linux|Mixed Platforms.Deploy.0 = Release|x86
		{0D8528DB-7260-4C9F-985A-801CEC0B892D}.Linux|x86.ActiveCfg = Release|x86
		{0D8528DB-7260-4C9F-985A-801CEC0B892D}.Linux|x86.Build.0 = Release|x86
		{0D8528DB-7260-4C9F-985A-801CEC0B892D}.Linux|x86.Deploy.0 = Release|x86
		{0D8528DB-7260-4C9F-985A-801CEC0B892D}.OSX|Any CPU.ActiveCfg = Release|x86
		{0D8528DB-7260-4C9F-985A-801CEC0B892D}.OSX|ARM.ActiveCfg = Release|ARM
		{0D8528DB-7260-4C9F-985A-801CEC0B892D}.OSX|ARM.Build.0 = Release|ARM
		{0D8528DB-7260-4C9F-985A-801CEC0B892D}.OSX|ARM.Deploy.0 = Release|ARM
		{0D8528DB-7260-4C9F-985A-801CEC0B892D}.OSX|Mixed Platforms.ActiveCfg = Release|x86
		{0D8528DB-7260-4C9F-985A-801CEC0B892D}.OSX|Mixed Platforms.Build.0 = Release|x86
		{0D8528DB-7260-4C9F-985A-801CEC0B892D}.OSX|Mixed Platforms.Deploy.0 = Release|x86
		{0D8528DB-7260-4C9F-985A-801CEC0B892D}.OSX|x86.ActiveCfg = Release|x86
		{0D8528DB-7260-4C9F-985A-801CEC0B892D}.OSX|x86.Build.0 = Release|x86
		{0D8528DB-7260-4C9F-985A-801CEC0B892D}.OSX|x86.Deploy.0 = Release|x86
		{0D8528DB-7260-4C9F-985A-801CEC0B892D}.PSM|Any CPU.ActiveCfg = Release|x86
		{0D8528DB-7260-4C9F-985A-801CEC0B892D}.PSM|ARM.ActiveCfg = Release|ARM
		{0D8528DB-7260-4C9F-985A-801CEC0B892D}.PSM|ARM.Build.0 = Release|ARM
		{0D8528DB-7260-4C9F-985A-801CEC0B892D}.PSM|ARM.Deploy.0 = Release|ARM
		{0D8528DB-7260-4C9F-985A-801CEC0B892D}.PSM|Mixed Platforms.ActiveCfg = Release|x86
		{0D8528DB-7260-4C9F-985A-801CEC0B892D}.PSM|Mixed Platforms.Build.0 = Release|x86
		{0D8528DB-7260-4C9F-985A-801CEC0B892D}.PSM|Mixed Platforms.Deploy.0 = Release|x86
		{0D8528DB-7260-4C9F-985A-801CEC0B892D}.PSM|x86.ActiveCfg = Release|x86
		{0D8528DB-7260-4C9F-985A-801CEC0B892D}.PSM|x86.Build.0 = Release|x86
		{0D8528DB-7260-4C9F-985A-801CEC0B892D}.PSM|x86.Deploy.0 = Release|x86
		{0D8528DB-7260-4C9F-985A-801CEC0B892D}.Release|Any CPU.ActiveCfg = Release|x86
		{0D8528DB-7260-4C9F-985A-801CEC0B892D}.Release|ARM.ActiveCfg = Release|ARM
		{0D8528DB-7260-4C9F-985A-801CEC0B892D}.Release|ARM.Build.0 = Release|ARM
		{0D8528DB-7260-4C9F-985A-801CEC0B892D}.Release|ARM.Deploy.0 = Release|ARM
		{0D8528DB-7260-4C9F-985A-801CEC0B892D}.Release|Mixed Platforms.ActiveCfg = Release|x86
		{0D8528DB-7260-4C9F-985A-801CEC0B892D}.Release|Mixed Platforms.Build.0 = Release|x86
		{0D8528DB-7260-4C9F-985A-801CEC0B892D}.Release|Mixed Platforms.Deploy.0 = Release|x86
		{0D8528DB-7260-4C9F-985A-801CEC0B892D}.Release|x86.ActiveCfg = Release|x86
		{0D8528DB-7260-4C9F-985A-801CEC0B892D}.Release|x86.Build.0 = Release|x86
		{0D8528DB-7260-4C9F-985A-801CEC0B892D}.Release|x86.Deploy.0 = Release|x86
		{0D8528DB-7260-4C9F-985A-801CEC0B892D}.Windows|Any CPU.ActiveCfg = Release|x86
		{0D8528DB-7260-4C9F-985A-801CEC0B892D}.Windows|ARM.ActiveCfg = Release|ARM
		{0D8528DB-7260-4C9F-985A-801CEC0B892D}.Windows|ARM.Build.0 = Release|ARM
		{0D8528DB-7260-4C9F-985A-801CEC0B892D}.Windows|ARM.Deploy.0 = Release|ARM
		{0D8528DB-7260-4C9F-985A-801CEC0B892D}.Windows|Mixed Platforms.ActiveCfg = Release|x86
		{0D8528DB-7260-4C9F-985A-801CEC0B892D}.Windows|Mixed Platforms.Build.0 = Release|x86
		{0D8528DB-7260-4C9F-985A-801CEC0B892D}.Windows|Mixed Platforms.Deploy.0 = Release|x86
		{0D8528DB-7260-4C9F-985A-801CEC0B892D}.Windows|x86.ActiveCfg = Release|x86
		{0D8528DB-7260-4C9F-985A-801CEC0B892D}.Windows|x86.Build.0 = Release|x86
		{0D8528DB-7260-4C9F-985A-801CEC0B892D}.Windows|x86.Deploy.0 = Release|x86
		{0D8528DB-7260-4C9F-985A-801CEC0B892D}.Windows8|Any CPU.ActiveCfg = Release|x86
		{0D8528DB-7260-4C9F-985A-801CEC0B892D}.Windows8|ARM.ActiveCfg = Release|ARM
		{0D8528DB-7260-4C9F-985A-801CEC0B892D}.Windows8|ARM.Build.0 = Release|ARM
		{0D8528DB-7260-4C9F-985A-801CEC0B892D}.Windows8|ARM.Deploy.0 = Release|ARM
		{0D8528DB-7260-4C9F-985A-801CEC0B892D}.Windows8|Mixed Platforms.ActiveCfg = Release|x86
		{0D8528DB-7260-4C9F-985A-801CEC0B892D}.Windows8|Mixed Platforms.Build.0 = Release|x86
		{0D8528DB-7260-4C9F-985A-801CEC0B892D}.Windows8|Mixed Platforms.Deploy.0 = Release|x86
		{0D8528DB-7260-4C9F-985A-801CEC0B892D}.Windows8|x86.ActiveCfg = Release|x86
		{0D8528DB-7260-4C9F-985A-801CEC0B892D}.Windows8|x86.Build.0 = Release|x86
		{0D8528DB-7260-4C9F-985A-801CEC0B892D}.Windows8|x86.Deploy.0 = Release|x86
		{4D65CADA-F49C-4C13-AD38-440CD4E5350F}.Android|Any CPU.ActiveCfg = Release|x86
		{4D65CADA-F49C-4C13-AD38-440CD4E5350F}.Android|ARM.ActiveCfg = Release|ARM
		{4D65CADA-F49C-4C13-AD38-440CD4E5350F}.Android|ARM.Build.0 = Release|ARM
		{4D65CADA-F49C-4C13-AD38-440CD4E5350F}.Android|ARM.Deploy.0 = Release|ARM
		{4D65CADA-F49C-4C13-AD38-440CD4E5350F}.Android|Mixed Platforms.ActiveCfg = Release|x86
		{4D65CADA-F49C-4C13-AD38-440CD4E5350F}.Android|Mixed Platforms.Build.0 = Release|x86
		{4D65CADA-F49C-4C13-AD38-440CD4E5350F}.Android|Mixed Platforms.Deploy.0 = Release|x86
		{4D65CADA-F49C-4C13-AD38-440CD4E5350F}.Android|x86.ActiveCfg = Release|x86
		{4D65CADA-F49C-4C13-AD38-440CD4E5350F}.Android|x86.Build.0 = Release|x86
		{4D65CADA-F49C-4C13-AD38-440CD4E5350F}.Android|x86.Deploy.0 = Release|x86
		{4D65CADA-F49C-4C13-AD38-440CD4E5350F}.Debug|Any CPU.ActiveCfg = Debug|x86
		{4D65CADA-F49C-4C13-AD38-440CD4E5350F}.Debug|ARM.ActiveCfg = Debug|ARM
		{4D65CADA-F49C-4C13-AD38-440CD4E5350F}.Debug|ARM.Build.0 = Debug|ARM
		{4D65CADA-F49C-4C13-AD38-440CD4E5350F}.Debug|ARM.Deploy.0 = Debug|ARM
		{4D65CADA-F49C-4C13-AD38-440CD4E5350F}.Debug|Mixed Platforms.ActiveCfg = Debug|ARM
		{4D65CADA-F49C-4C13-AD38-440CD4E5350F}.Debug|Mixed Platforms.Build.0 = Debug|ARM
		{4D65CADA-F49C-4C13-AD38-440CD4E5350F}.Debug|Mixed Platforms.Deploy.0 = Debug|ARM
		{4D65CADA-F49C-4C13-AD38-440CD4E5350F}.Debug|x86.ActiveCfg = Debug|x86
		{4D65CADA-F49C-4C13-AD38-440CD4E5350F}.Debug|x86.Build.0 = Debug|x86
		{4D65CADA-F49C-4C13-AD38-440CD4E5350F}.Debug|x86.Deploy.0 = Debug|x86
		{4D65CADA-F49C-4C13-AD38-440CD4E5350F}.iOS|Any CPU.ActiveCfg = Release|x86
		{4D65CADA-F49C-4C13-AD38-440CD4E5350F}.iOS|ARM.ActiveCfg = Release|ARM
		{4D65CADA-F49C-4C13-AD38-440CD4E5350F}.iOS|ARM.Build.0 = Release|ARM
		{4D65CADA-F49C-4C13-AD38-440CD4E5350F}.iOS|ARM.Deploy.0 = Release|ARM
		{4D65CADA-F49C-4C13-AD38-440CD4E5350F}.iOS|Mixed Platforms.ActiveCfg = Release|x86
		{4D65CADA-F49C-4C13-AD38-440CD4E5350F}.iOS|Mixed Platforms.Build.0 = Release|x86
		{4D65CADA-F49C-4C13-AD38-440CD4E5350F}.iOS|Mixed Platforms.Deploy.0 = Release|x86
		{4D65CADA-F49C-4C13-AD38-440CD4E5350F}.iOS|x86.ActiveCfg = Release|x86
		{4D65CADA-F49C-4C13-AD38-440CD4E5350F}.iOS|x86.Build.0 = Release|x86
		{4D65CADA-F49C-4C13-AD38-440CD4E5350F}.iOS|x86.Deploy.0 = Release|x86
		{4D65CADA-F49C-4C13-AD38-440CD4E5350F}.Linux|Any CPU.ActiveCfg = Release|x86
		{4D65CADA-F49C-4C13-AD38-440CD4E5350F}.Linux|ARM.ActiveCfg = Release|ARM
		{4D65CADA-F49C-4C13-AD38-440CD4E5350F}.Linux|ARM.Build.0 = Release|ARM
		{4D65CADA-F49C-4C13-AD38-440CD4E5350F}.Linux|ARM.Deploy.0 = Release|ARM
		{4D65CADA-F49C-4C13-AD38-440CD4E5350F}.Linux|Mixed Platforms.ActiveCfg = Release|x86
		{4D65CADA-F49C-4C13-AD38-440CD4E5350F}.Linux|Mixed Platforms.Build.0 = Release|x86
		{4D65CADA-F49C-4C13-AD38-440CD4E5350F}.Linux|Mixed Platforms.Deploy.0 = Release|x86
		{4D65CADA-F49C-4C13-AD38-440CD4E5350F}.Linux|x86.ActiveCfg = Release|x86
		{4D65CADA-F49C-4C13-AD38-440CD4E5350F}.Linux|x86.Build.0 = Release|x86
		{4D65CADA-F49C-4C13-AD38-440CD4E5350F}.Linux|x86.Deploy.0 = Release|x86
		{4D65CADA-F49C-4C13-AD38-440CD4E5350F}.OSX|Any CPU.ActiveCfg = Release|x86
		{4D65CADA-F49C-4C13-AD38-440CD4E5350F}.OSX|ARM.ActiveCfg = Release|ARM
		{4D65CADA-F49C-4C13-AD38-440CD4E5350F}.OSX|ARM.Build.0 = Release|ARM
		{4D65CADA-F49C-4C13-AD38-440CD4E5350F}.OSX|ARM.Deploy.0 = Release|ARM
		{4D65CADA-F49C-4C13-AD38-440CD4E5350F}.OSX|Mixed Platforms.ActiveCfg = Release|x86
		{4D65CADA-F49C-4C13-AD38-440CD4E5350F}.OSX|Mixed Platforms.Build.0 = Release|x86
		{4D65CADA-F49C-4C13-AD38-440CD4E5350F}.OSX|Mixed Platforms.Deploy.0 = Release|x86
		{4D65CADA-F49C-4C13-AD38-440CD4E5350F}.OSX|x86.ActiveCfg = Release|x86
		{4D65CADA-F49C-4C13-AD38-440CD4E5350F}.OSX|x86.Build.0 = Release|x86
		{4D65CADA-F49C-4C13-AD38-440CD4E5350F}.OSX|x86.Deploy.0 = Release|x86
		{4D65CADA-F49C-4C13-AD38-440CD4E5350F}.PSM|Any CPU.ActiveCfg = Release|x86
		{4D65CADA-F49C-4C13-AD38-440CD4E5350F}.PSM|ARM.ActiveCfg = Release|ARM
		{4D65CADA-F49C-4C13-AD38-440CD4E5350F}.PSM|ARM.Build.0 = Release|ARM
		{4D65CADA-F49C-4C13-AD38-440CD4E5350F}.PSM|ARM.Deploy.0 = Release|ARM
		{4D65CADA-F49C-4C13-AD38-440CD4E5350F}.PSM|Mixed Platforms.ActiveCfg = Release|x86
		{4D65CADA-F49C-4C13-AD38-440CD4E5350F}.PSM|Mixed Platforms.Build.0 = Release|x86
		{4D65CADA-F49C-4C13-AD38-440CD4E5350F}.PSM|Mixed Platforms.Deploy.0 = Release|x86
		{4D65CADA-F49C-4C13-AD38-440CD4E5350F}.PSM|x86.ActiveCfg = Release|x86
		{4D65CADA-F49C-4C13-AD38-440CD4E5350F}.PSM|x86.Build.0 = Release|x86
		{4D65CADA-F49C-4C13-AD38-440CD4E5350F}.PSM|x86.Deploy.0 = Release|x86
		{4D65CADA-F49C-4C13-AD38-440CD4E5350F}.Release|Any CPU.ActiveCfg = Release|x86
		{4D65CADA-F49C-4C13-AD38-440CD4E5350F}.Release|ARM.ActiveCfg = Release|ARM
		{4D65CADA-F49C-4C13-AD38-440CD4E5350F}.Release|ARM.Build.0 = Release|ARM
		{4D65CADA-F49C-4C13-AD38-440CD4E5350F}.Release|ARM.Deploy.0 = Release|ARM
		{4D65CADA-F49C-4C13-AD38-440CD4E5350F}.Release|Mixed Platforms.ActiveCfg = Release|x86
		{4D65CADA-F49C-4C13-AD38-440CD4E5350F}.Release|Mixed Platforms.Build.0 = Release|x86
		{4D65CADA-F49C-4C13-AD38-440CD4E5350F}.Release|Mixed Platforms.Deploy.0 = Release|x86
		{4D65CADA-F49C-4C13-AD38-440CD4E5350F}.Release|x86.ActiveCfg = Release|x86
		{4D65CADA-F49C-4C13-AD38-440CD4E5350F}.Release|x86.Build.0 = Release|x86
		{4D65CADA-F49C-4C13-AD38-440CD4E5350F}.Release|x86.Deploy.0 = Release|x86
		{4D65CADA-F49C-4C13-AD38-440CD4E5350F}.Windows|Any CPU.ActiveCfg = Release|x86
		{4D65CADA-F49C-4C13-AD38-440CD4E5350F}.Windows|ARM.ActiveCfg = Release|ARM
		{4D65CADA-F49C-4C13-AD38-440CD4E5350F}.Windows|ARM.Build.0 = Release|ARM
		{4D65CADA-F49C-4C13-AD38-440CD4E5350F}.Windows|ARM.Deploy.0 = Release|ARM
		{4D65CADA-F49C-4C13-AD38-440CD4E5350F}.Windows|Mixed Platforms.ActiveCfg = Release|x86
		{4D65CADA-F49C-4C13-AD38-440CD4E5350F}.Windows|Mixed Platforms.Build.0 = Release|x86
		{4D65CADA-F49C-4C13-AD38-440CD4E5350F}.Windows|Mixed Platforms.Deploy.0 = Release|x86
		{4D65CADA-F49C-4C13-AD38-440CD4E5350F}.Windows|x86.ActiveCfg = Release|x86
		{4D65CADA-F49C-4C13-AD38-440CD4E5350F}.Windows|x86.Build.0 = Release|x86
		{4D65CADA-F49C-4C13-AD38-440CD4E5350F}.Windows|x86.Deploy.0 = Release|x86
		{4D65CADA-F49C-4C13-AD38-440CD4E5350F}.Windows8|Any CPU.ActiveCfg = Release|x86
		{4D65CADA-F49C-4C13-AD38-440CD4E5350F}.Windows8|ARM.ActiveCfg = Release|ARM
		{4D65CADA-F49C-4C13-AD38-440CD4E5350F}.Windows8|ARM.Build.0 = Release|ARM
		{4D65CADA-F49C-4C13-AD38-440CD4E5350F}.Windows8|ARM.Deploy.0 = Release|ARM
		{4D65CADA-F49C-4C13-AD38-440CD4E5350F}.Windows8|Mixed Platforms.ActiveCfg = Release|x86
		{4D65CADA-F49C-4C13-AD38-440CD4E5350F}.Windows8|Mixed Platforms.Build.0 = Release|x86
		{4D65CADA-F49C-4C13-AD38-440CD4E5350F}.Windows8|Mixed Platforms.Deploy.0 = Release|x86
		{4D65CADA-F49C-4C13-AD38-440CD4E5350F}.Windows8|x86.ActiveCfg = Release|x86
		{4D65CADA-F49C-4C13-AD38-440CD4E5350F}.Windows8|x86.Build.0 = Release|x86
		{4D65CADA-F49C-4C13-AD38-440CD4E5350F}.Windows8|x86.Deploy.0 = Release|x86
	EndGlobalSection
	GlobalSection(SolutionProperties) = preSolution
		HideSolutionNode = FALSE
	EndGlobalSection
EndGlobal
